<?xml version="1.0" encoding="utf-8"?>
<Project ToolsVersion="4.0" xmlns="http://schemas.microsoft.com/developer/msbuild/2003">
  <ItemGroup>
    <ClCompile Include="src\ofApp.cpp">
      <Filter>src</Filter>
    </ClCompile>
    <ClCompile Include="src\main.cpp">
      <Filter>src</Filter>
    </ClCompile>
    <ClCompile Include="src\Dario.cpp">
      <Filter>src</Filter>
    </ClCompile>
    <ClCompile Include="src\Eyes.cpp">
      <Filter>src</Filter>
    </ClCompile>
    <ClCompile Include="src\Hair.cpp">
      <Filter>src</Filter>
    </ClCompile>
    <ClCompile Include="src\Mouth.cpp">
      <Filter>src</Filter>
    </ClCompile>
  </ItemGroup>
  <ItemGroup>
    <Filter Include="src">
      <UniqueIdentifier>{d8376475-7454-4a24-b08a-aac121d3ad6f}</UniqueIdentifier>
    </Filter>
  </ItemGroup>
  <ItemGroup>
    <ClInclude Include="src\ofApp.h">
      <Filter>src</Filter>
    </ClInclude>
    <ClInclude Include="src\Dario.h">
      <Filter>src</Filter>
    </ClInclude>
    <ClInclude Include="src\Eyes.h">
      <Filter>src</Filter>
    </ClInclude>
    <ClInclude Include="src\Hair.h">
      <Filter>src</Filter>
    </ClInclude>
    <ClInclude Include="src\Mouth.h">
      <Filter>src</Filter>
    </ClInclude>
  </ItemGroup>
  <ItemGroup>
    <ResourceCompile Include="icon.rc" />
  </ItemGroup>
</Project>